
Microsoft Visual Studio Solution File, Format Version 12.00
# Visual Studio Version 16
VisualStudioVersion = 16.0.30804.86
MinimumVisualStudioVersion = 10.0.40219.1
Project("{FAE04EC0-301F-11D3-BF4B-00C04F79EFBC}") = "UI.Desktop", "UI.Desktop\UI.Desktop.csproj", "{1E7C1966-E0F2-4A88-A762-A7DE25AC4E23}"
EndProject
Project("{FAE04EC0-301F-11D3-BF4B-00C04F79EFBC}") = "Business.Logic", "Business.Logic\Business.Logic.csproj", "{FD624D7B-D458-4F87-B579-4D33A6A0E4C8}"
EndProject
Project("{FAE04EC0-301F-11D3-BF4B-00C04F79EFBC}") = "Business.Entities", "Business.Entities\Business.Entities.csproj", "{45670EBE-0A9A-45FB-BBFF-091DEC0F89DA}"
EndProject
Project("{FAE04EC0-301F-11D3-BF4B-00C04F79EFBC}") = "Util", "Util\Util.csproj", "{9CCC92C8-2DF3-480C-8EFC-234BF5A0E286}"
EndProject
Project("{FAE04EC0-301F-11D3-BF4B-00C04F79EFBC}") = "UI.Web", "UI.Web\UI.Web.csproj", "{38F6C928-EF28-43A4-A8E5-8A697C4FA2F8}"
EndProject
Project("{FAE04EC0-301F-11D3-BF4B-00C04F79EFBC}") = "UI.Consola", "UI.Consola\UI.Consola.csproj", "{8742FF80-AC20-4F66-BF69-F81895447316}"
EndProject
Project("{FAE04EC0-301F-11D3-BF4B-00C04F79EFBC}") = "Data.Database", "Data.Database\Data.Database.csproj", "{18D1C50F-58E0-4D94-B05B-4A95A146E6BB}"
EndProject
Project("{FAE04EC0-301F-11D3-BF4B-00C04F79EFBC}") = "Business.Entities.Tests", "Business.Logic.Tests\Business.Entities.Tests.csproj", "{30427878-0368-4F82-A247-CAFA46670670}"
EndProject
Global
	GlobalSection(SolutionConfigurationPlatforms) = preSolution
		Debug|Any CPU = Debug|Any CPU
		Release|Any CPU = Release|Any CPU
	EndGlobalSection
	GlobalSection(ProjectConfigurationPlatforms) = postSolution
		{1E7C1966-E0F2-4A88-A762-A7DE25AC4E23}.Debug|Any CPU.ActiveCfg = Debug|Any CPU
		{1E7C1966-E0F2-4A88-A762-A7DE25AC4E23}.Debug|Any CPU.Build.0 = Debug|Any CPU
		{1E7C1966-E0F2-4A88-A762-A7DE25AC4E23}.Release|Any CPU.ActiveCfg = Release|Any CPU
		{1E7C1966-E0F2-4A88-A762-A7DE25AC4E23}.Release|Any CPU.Build.0 = Release|Any CPU
		{FD624D7B-D458-4F87-B579-4D33A6A0E4C8}.Debug|Any CPU.ActiveCfg = Debug|Any CPU
		{FD624D7B-D458-4F87-B579-4D33A6A0E4C8}.Debug|Any CPU.Build.0 = Debug|Any CPU
		{FD624D7B-D458-4F87-B579-4D33A6A0E4C8}.Release|Any CPU.ActiveCfg = Release|Any CPU
		{FD624D7B-D458-4F87-B579-4D33A6A0E4C8}.Release|Any CPU.Build.0 = Release|Any CPU
		{45670EBE-0A9A-45FB-BBFF-091DEC0F89DA}.Debug|Any CPU.ActiveCfg = Debug|Any CPU
		{45670EBE-0A9A-45FB-BBFF-091DEC0F89DA}.Debug|Any CPU.Build.0 = Debug|Any CPU
		{45670EBE-0A9A-45FB-BBFF-091DEC0F89DA}.Release|Any CPU.ActiveCfg = Release|Any CPU
		{45670EBE-0A9A-45FB-BBFF-091DEC0F89DA}.Release|Any CPU.Build.0 = Release|Any CPU
		{9CCC92C8-2DF3-480C-8EFC-234BF5A0E286}.Debug|Any CPU.ActiveCfg = Debug|Any CPU
		{9CCC92C8-2DF3-480C-8EFC-234BF5A0E286}.Debug|Any CPU.Build.0 = Debug|Any CPU
		{9CCC92C8-2DF3-480C-8EFC-234BF5A0E286}.Release|Any CPU.ActiveCfg = Release|Any CPU
		{9CCC92C8-2DF3-480C-8EFC-234BF5A0E286}.Release|Any CPU.Build.0 = Release|Any CPU
		{38F6C928-EF28-43A4-A8E5-8A697C4FA2F8}.Debug|Any CPU.ActiveCfg = Debug|Any CPU
		{38F6C928-EF28-43A4-A8E5-8A697C4FA2F8}.Debug|Any CPU.Build.0 = Debug|Any CPU
		{38F6C928-EF28-43A4-A8E5-8A697C4FA2F8}.Release|Any CPU.ActiveCfg = Release|Any CPU
		{38F6C928-EF28-43A4-A8E5-8A697C4FA2F8}.Release|Any CPU.Build.0 = Release|Any CPU
		{8742FF80-AC20-4F66-BF69-F81895447316}.Debug|Any CPU.ActiveCfg = Debug|Any CPU
		{8742FF80-AC20-4F66-BF69-F81895447316}.Debug|Any CPU.Build.0 = Debug|Any CPU
		{8742FF80-AC20-4F66-BF69-F81895447316}.Release|Any CPU.ActiveCfg = Release|Any CPU
		{8742FF80-AC20-4F66-BF69-F81895447316}.Release|Any CPU.Build.0 = Release|Any CPU
		{18D1C50F-58E0-4D94-B05B-4A95A146E6BB}.Debug|Any CPU.ActiveCfg = Debug|Any CPU
		{18D1C50F-58E0-4D94-B05B-4A95A146E6BB}.Debug|Any CPU.Build.0 = Debug|Any CPU
		{18D1C50F-58E0-4D94-B05B-4A95A146E6BB}.Release|Any CPU.ActiveCfg = Release|Any CPU
		{18D1C50F-58E0-4D94-B05B-4A95A146E6BB}.Release|Any CPU.Build.0 = Release|Any CPU
		{30427878-0368-4F82-A247-CAFA46670670}.Debug|Any CPU.ActiveCfg = Debug|Any CPU
		{30427878-0368-4F82-A247-CAFA46670670}.Debug|Any CPU.Build.0 = Debug|Any CPU
		{30427878-0368-4F82-A247-CAFA46670670}.Release|Any CPU.ActiveCfg = Release|Any CPU
		{30427878-0368-4F82-A247-CAFA46670670}.Release|Any CPU.Build.0 = Release|Any CPU
	EndGlobalSection
	GlobalSection(SolutionProperties) = preSolution
		HideSolutionNode = FALSE
	EndGlobalSection
	GlobalSection(ExtensibilityGlobals) = postSolution
		SolutionGuid = {2E64F78F-3768-4D17-845A-3B8335FF2DB0}
	EndGlobalSection
EndGlobal
